
Microsoft Visual Studio Solution File, Format Version 12.00
# Visual Studio 15
VisualStudioVersion = 15.0.28307.960
MinimumVisualStudioVersion = 10.0.40219.1
Project("{8BC9CEB8-8B4A-11D0-8D11-00A0C91BC942}") = "AbstractedGL", "AbstractedGL\AbstractedGL.vcxproj", "{21CFB665-954C-4450-AF3A-9BFA7BC8C542}"
EndProject
Global
	GlobalSection(SolutionConfigurationPlatforms) = preSolution
		Debug|x64 = Debug|x64
		Debug|x86 = Debug|x86
		Release|x64 = Release|x64
		Release|x86 = Release|x86
	EndGlobalSection
	GlobalSection(ProjectConfigurationPlatforms) = postSolution
		{21CFB665-954C-4450-AF3A-9BFA7BC8C542}.Debug|x64.ActiveCfg = Debug|x64
		{21CFB665-954C-4450-AF3A-9BFA7BC8C542}.Debug|x64.Build.0 = Debug|x64
		{21CFB665-954C-4450-AF3A-9BFA7BC8C542}.Debug|x86.ActiveCfg = Debug|x64
		{21CFB665-954C-4450-AF3A-9BFA7BC8C542}.Debug|x86.Build.0 = Debug|x64
		{21CFB665-954C-4450-AF3A-9BFA7BC8C542}.Release|x64.ActiveCfg = Debug|x64
		{21CFB665-954C-4450-AF3A-9BFA7BC8C542}.Release|x64.Build.0 = Debug|x64
		{21CFB665-954C-4450-AF3A-9BFA7BC8C542}.Release|x86.ActiveCfg = Debug|x64
		{21CFB665-954C-4450-AF3A-9BFA7BC8C542}.Release|x86.Build.0 = Debug|x64
	EndGlobalSection
	GlobalSection(SolutionProperties) = preSolution
		HideSolutionNode = FALSE
	EndGlobalSection
	GlobalSection(ExtensibilityGlobals) = postSolution
		SolutionGuid = {7204F6CF-87A1-4445-8C52-6F63A3EE3277}
	EndGlobalSection
EndGlobal
