
Microsoft Visual Studio Solution File, Format Version 12.00
# Visual Studio 15
VisualStudioVersion = 15.0.28307.960
MinimumVisualStudioVersion = 10.0.40219.1
Project("{8BC9CEB8-8B4A-11D0-8D11-00A0C91BC942}") = "AbstractedGL", "AbstractedGL\AbstractedGL.vcxproj", "{21CFB665-954C-4450-AF3A-9BFA7BC8C542}"
	ProjectSection(ProjectDependencies) = postProject
		{8B243D0C-9CFE-4568-B018-1938B5CA330A} = {8B243D0C-9CFE-4568-B018-1938B5CA330A}
		{FDCC95C8-5E18-4723-B6F3-E0D7F51C5A6C} = {FDCC95C8-5E18-4723-B6F3-E0D7F51C5A6C}
		{03D90FD1-0A1B-4FF5-8515-EB6EC808F70E} = {03D90FD1-0A1B-4FF5-8515-EB6EC808F70E}
	EndProjectSection
EndProject
Project("{8BC9CEB8-8B4A-11D0-8D11-00A0C91BC942}") = "Abstracted Editor", "Abstracted Editor\Abstracted Editor.vcxproj", "{5600B9DA-0D9D-4A32-B116-5147D251275E}"
	ProjectSection(ProjectDependencies) = postProject
		{8B243D0C-9CFE-4568-B018-1938B5CA330A} = {8B243D0C-9CFE-4568-B018-1938B5CA330A}
		{FDCC95C8-5E18-4723-B6F3-E0D7F51C5A6C} = {FDCC95C8-5E18-4723-B6F3-E0D7F51C5A6C}
		{03D90FD1-0A1B-4FF5-8515-EB6EC808F70E} = {03D90FD1-0A1B-4FF5-8515-EB6EC808F70E}
	EndProjectSection
EndProject
Project("{8BC9CEB8-8B4A-11D0-8D11-00A0C91BC942}") = "ecs", "ecs\ecs.vcxproj", "{03D90FD1-0A1B-4FF5-8515-EB6EC808F70E}"
EndProject
Project("{8BC9CEB8-8B4A-11D0-8D11-00A0C91BC942}") = "uid", "uid\uid.vcxproj", "{FDCC95C8-5E18-4723-B6F3-E0D7F51C5A6C}"
EndProject
Project("{8BC9CEB8-8B4A-11D0-8D11-00A0C91BC942}") = "debug", "debug\debug.vcxproj", "{8B243D0C-9CFE-4568-B018-1938B5CA330A}"
EndProject
Project("{8BC9CEB8-8B4A-11D0-8D11-00A0C91BC942}") = "logger", "logger\logger.vcxproj", "{917EBEE9-5DA0-4F48-AC54-BE6C9C738049}"
EndProject
Global
	GlobalSection(SolutionConfigurationPlatforms) = preSolution
		Debug|x64 = Debug|x64
		Debug|x86 = Debug|x86
		Release|x64 = Release|x64
		Release|x86 = Release|x86
	EndGlobalSection
	GlobalSection(ProjectConfigurationPlatforms) = postSolution
		{21CFB665-954C-4450-AF3A-9BFA7BC8C542}.Debug|x64.ActiveCfg = Debug|x64
		{21CFB665-954C-4450-AF3A-9BFA7BC8C542}.Debug|x64.Build.0 = Debug|x64
		{21CFB665-954C-4450-AF3A-9BFA7BC8C542}.Debug|x86.ActiveCfg = Debug|x64
		{21CFB665-954C-4450-AF3A-9BFA7BC8C542}.Release|x64.ActiveCfg = Release|x64
		{21CFB665-954C-4450-AF3A-9BFA7BC8C542}.Release|x64.Build.0 = Release|x64
		{21CFB665-954C-4450-AF3A-9BFA7BC8C542}.Release|x86.ActiveCfg = Release|x64
		{5600B9DA-0D9D-4A32-B116-5147D251275E}.Debug|x64.ActiveCfg = Debug|x64
		{5600B9DA-0D9D-4A32-B116-5147D251275E}.Debug|x64.Build.0 = Debug|x64
		{5600B9DA-0D9D-4A32-B116-5147D251275E}.Debug|x86.ActiveCfg = Debug|x64
		{5600B9DA-0D9D-4A32-B116-5147D251275E}.Release|x64.ActiveCfg = Release|x64
		{5600B9DA-0D9D-4A32-B116-5147D251275E}.Release|x64.Build.0 = Release|x64
		{5600B9DA-0D9D-4A32-B116-5147D251275E}.Release|x86.ActiveCfg = Release|x64
		{03D90FD1-0A1B-4FF5-8515-EB6EC808F70E}.Debug|x64.ActiveCfg = Debug|x64
		{03D90FD1-0A1B-4FF5-8515-EB6EC808F70E}.Debug|x64.Build.0 = Debug|x64
		{03D90FD1-0A1B-4FF5-8515-EB6EC808F70E}.Debug|x86.ActiveCfg = Debug|x64
		{03D90FD1-0A1B-4FF5-8515-EB6EC808F70E}.Release|x64.ActiveCfg = Release|x64
		{03D90FD1-0A1B-4FF5-8515-EB6EC808F70E}.Release|x64.Build.0 = Release|x64
		{03D90FD1-0A1B-4FF5-8515-EB6EC808F70E}.Release|x86.ActiveCfg = Release|x64
		{FDCC95C8-5E18-4723-B6F3-E0D7F51C5A6C}.Debug|x64.ActiveCfg = Debug|x64
		{FDCC95C8-5E18-4723-B6F3-E0D7F51C5A6C}.Debug|x64.Build.0 = Debug|x64
		{FDCC95C8-5E18-4723-B6F3-E0D7F51C5A6C}.Debug|x86.ActiveCfg = Debug|x64
		{FDCC95C8-5E18-4723-B6F3-E0D7F51C5A6C}.Release|x64.ActiveCfg = Release|x64
		{FDCC95C8-5E18-4723-B6F3-E0D7F51C5A6C}.Release|x64.Build.0 = Release|x64
		{FDCC95C8-5E18-4723-B6F3-E0D7F51C5A6C}.Release|x86.ActiveCfg = Release|x64
		{8B243D0C-9CFE-4568-B018-1938B5CA330A}.Debug|x64.ActiveCfg = Debug|x64
		{8B243D0C-9CFE-4568-B018-1938B5CA330A}.Debug|x64.Build.0 = Debug|x64
		{8B243D0C-9CFE-4568-B018-1938B5CA330A}.Debug|x86.ActiveCfg = Debug|x64
		{8B243D0C-9CFE-4568-B018-1938B5CA330A}.Release|x64.ActiveCfg = Release|x64
		{8B243D0C-9CFE-4568-B018-1938B5CA330A}.Release|x64.Build.0 = Release|x64
		{8B243D0C-9CFE-4568-B018-1938B5CA330A}.Release|x86.ActiveCfg = Release|x64
		{917EBEE9-5DA0-4F48-AC54-BE6C9C738049}.Debug|x64.ActiveCfg = Debug|x64
		{917EBEE9-5DA0-4F48-AC54-BE6C9C738049}.Debug|x64.Build.0 = Debug|x64
		{917EBEE9-5DA0-4F48-AC54-BE6C9C738049}.Debug|x86.ActiveCfg = Debug|x64
		{917EBEE9-5DA0-4F48-AC54-BE6C9C738049}.Release|x64.ActiveCfg = Release|x64
		{917EBEE9-5DA0-4F48-AC54-BE6C9C738049}.Release|x64.Build.0 = Release|x64
		{917EBEE9-5DA0-4F48-AC54-BE6C9C738049}.Release|x86.ActiveCfg = Release|x64
	EndGlobalSection
	GlobalSection(SolutionProperties) = preSolution
		HideSolutionNode = FALSE
	EndGlobalSection
	GlobalSection(ExtensibilityGlobals) = postSolution
		SolutionGuid = {7204F6CF-87A1-4445-8C52-6F63A3EE3277}
	EndGlobalSection
	GlobalSection(Performance) = preSolution
		HasPerformanceSessions = true
	EndGlobalSection
	GlobalSection(Performance) = preSolution
		HasPerformanceSessions = true
	EndGlobalSection
	GlobalSection(Performance) = preSolution
		HasPerformanceSessions = true
	EndGlobalSection
	GlobalSection(Performance) = preSolution
		HasPerformanceSessions = true
	EndGlobalSection
EndGlobal
